
Microsoft Visual Studio Solution File, Format Version 12.00
# Visual Studio Version 16
VisualStudioVersion = 16.0.30503.244
MinimumVisualStudioVersion = 10.0.40219.1
Project("{8BC9CEB8-8B4A-11D0-8D11-00A0C91BC942}") = "LeetCode", "LeetCode\LeetCode.vcxproj", "{71F75687-5B23-4E2B-8ED9-FC669C02EF97}"
EndProject
Project("{8BC9CEB8-8B4A-11D0-8D11-00A0C91BC942}") = "1两数之和", "1两数之和\1两数之和.vcxproj", "{7AA158D3-EDB3-45BF-B0C9-302B93E004C3}"
EndProject
Project("{8BC9CEB8-8B4A-11D0-8D11-00A0C91BC942}") = "2两数相加", "2两数相加\2两数相加.vcxproj", "{C1FFF472-C1E3-4088-B0F1-F432A8FCB991}"
EndProject
Project("{8BC9CEB8-8B4A-11D0-8D11-00A0C91BC942}") = "485最大连续一的个数", "485最大连续一的个数\485最大连续一的个数.vcxproj", "{2E7FE15F-F51F-4616-A398-AF8FE0DD3E36}"
EndProject
Project("{8BC9CEB8-8B4A-11D0-8D11-00A0C91BC942}") = "495提莫攻击", "495提莫攻击\495提莫攻击.vcxproj", "{0658A645-46B2-40AD-B79D-1ED9B840BCA3}"
EndProject
Project("{8BC9CEB8-8B4A-11D0-8D11-00A0C91BC942}") = "414第三大的数", "414第三大的数\414第三大的数.vcxproj", "{1F18EC81-8929-47D7-8CB5-3323A2C8FBB9}"
EndProject
Project("{8BC9CEB8-8B4A-11D0-8D11-00A0C91BC942}") = "628三个数的最大乘积", "628三个数的最大乘积\628三个数的最大乘积.vcxproj", "{FEF741E4-35A3-4259-818C-D79BAD031222}"
EndProject
Project("{8BC9CEB8-8B4A-11D0-8D11-00A0C91BC942}") = "226翻转二叉树", "226翻转二叉树\226翻转二叉树.vcxproj", "{4253B649-9978-413B-BCE9-8188F54D7ECE}"
EndProject
Project("{8BC9CEB8-8B4A-11D0-8D11-00A0C91BC942}") = "682棒球比赛", "682棒球比赛\682棒球比赛.vcxproj", "{1F83E7F1-C86A-4DE3-A194-BF1E4EB40387}"
EndProject
Project("{8BC9CEB8-8B4A-11D0-8D11-00A0C91BC942}") = "71简化电路", "71简化电路\71简化电路.vcxproj", "{DCC047CC-ACCD-42CD-B4D5-D946E04E73C9}"
EndProject
Project("{8BC9CEB8-8B4A-11D0-8D11-00A0C91BC942}") = "445两数相加", "445两数相加\445两数相加.vcxproj", "{6A0D5BD6-0BD8-4354-95F1-4958E4B402F9}"
EndProject
Project("{8BC9CEB8-8B4A-11D0-8D11-00A0C91BC942}") = "203移除链表元素", "203移除链表元素\203移除链表元素.vcxproj", "{53CDE921-C283-4C14-B922-9A6C4C2C4D1F}"
EndProject
Project("{8BC9CEB8-8B4A-11D0-8D11-00A0C91BC942}") = "100相同的树", "100相同的树\100相同的树.vcxproj", "{1F4591F1-AD12-418C-96A7-B2D7F5016693}"
EndProject
Project("{8BC9CEB8-8B4A-11D0-8D11-00A0C91BC942}") = "222完全二叉树的节点个数", "222完全二叉树的节点个数\222完全二叉树的节点个数.vcxproj", "{B43B1419-BC35-4176-AC39-F04F8342C20F}"
EndProject
Project("{8BC9CEB8-8B4A-11D0-8D11-00A0C91BC942}") = "101对称二叉树", "101对称二叉树\101对称二叉树.vcxproj", "{EA5FA7B8-0B07-4905-AAC5-EE53EBBB319F}"
EndProject
Global
	GlobalSection(SolutionConfigurationPlatforms) = preSolution
		Debug|x64 = Debug|x64
		Debug|x86 = Debug|x86
		Release|x64 = Release|x64
		Release|x86 = Release|x86
	EndGlobalSection
	GlobalSection(ProjectConfigurationPlatforms) = postSolution
		{71F75687-5B23-4E2B-8ED9-FC669C02EF97}.Debug|x64.ActiveCfg = Debug|x64
		{71F75687-5B23-4E2B-8ED9-FC669C02EF97}.Debug|x64.Build.0 = Debug|x64
		{71F75687-5B23-4E2B-8ED9-FC669C02EF97}.Debug|x86.ActiveCfg = Debug|Win32
		{71F75687-5B23-4E2B-8ED9-FC669C02EF97}.Debug|x86.Build.0 = Debug|Win32
		{71F75687-5B23-4E2B-8ED9-FC669C02EF97}.Release|x64.ActiveCfg = Release|x64
		{71F75687-5B23-4E2B-8ED9-FC669C02EF97}.Release|x64.Build.0 = Release|x64
		{71F75687-5B23-4E2B-8ED9-FC669C02EF97}.Release|x86.ActiveCfg = Release|Win32
		{71F75687-5B23-4E2B-8ED9-FC669C02EF97}.Release|x86.Build.0 = Release|Win32
		{7AA158D3-EDB3-45BF-B0C9-302B93E004C3}.Debug|x64.ActiveCfg = Debug|x64
		{7AA158D3-EDB3-45BF-B0C9-302B93E004C3}.Debug|x64.Build.0 = Debug|x64
		{7AA158D3-EDB3-45BF-B0C9-302B93E004C3}.Debug|x86.ActiveCfg = Debug|Win32
		{7AA158D3-EDB3-45BF-B0C9-302B93E004C3}.Debug|x86.Build.0 = Debug|Win32
		{7AA158D3-EDB3-45BF-B0C9-302B93E004C3}.Release|x64.ActiveCfg = Release|x64
		{7AA158D3-EDB3-45BF-B0C9-302B93E004C3}.Release|x64.Build.0 = Release|x64
		{7AA158D3-EDB3-45BF-B0C9-302B93E004C3}.Release|x86.ActiveCfg = Release|Win32
		{7AA158D3-EDB3-45BF-B0C9-302B93E004C3}.Release|x86.Build.0 = Release|Win32
		{C1FFF472-C1E3-4088-B0F1-F432A8FCB991}.Debug|x64.ActiveCfg = Debug|x64
		{C1FFF472-C1E3-4088-B0F1-F432A8FCB991}.Debug|x64.Build.0 = Debug|x64
		{C1FFF472-C1E3-4088-B0F1-F432A8FCB991}.Debug|x86.ActiveCfg = Debug|Win32
		{C1FFF472-C1E3-4088-B0F1-F432A8FCB991}.Debug|x86.Build.0 = Debug|Win32
		{C1FFF472-C1E3-4088-B0F1-F432A8FCB991}.Release|x64.ActiveCfg = Release|x64
		{C1FFF472-C1E3-4088-B0F1-F432A8FCB991}.Release|x64.Build.0 = Release|x64
		{C1FFF472-C1E3-4088-B0F1-F432A8FCB991}.Release|x86.ActiveCfg = Release|Win32
		{C1FFF472-C1E3-4088-B0F1-F432A8FCB991}.Release|x86.Build.0 = Release|Win32
		{2E7FE15F-F51F-4616-A398-AF8FE0DD3E36}.Debug|x64.ActiveCfg = Debug|x64
		{2E7FE15F-F51F-4616-A398-AF8FE0DD3E36}.Debug|x64.Build.0 = Debug|x64
		{2E7FE15F-F51F-4616-A398-AF8FE0DD3E36}.Debug|x86.ActiveCfg = Debug|Win32
		{2E7FE15F-F51F-4616-A398-AF8FE0DD3E36}.Debug|x86.Build.0 = Debug|Win32
		{2E7FE15F-F51F-4616-A398-AF8FE0DD3E36}.Release|x64.ActiveCfg = Release|x64
		{2E7FE15F-F51F-4616-A398-AF8FE0DD3E36}.Release|x64.Build.0 = Release|x64
		{2E7FE15F-F51F-4616-A398-AF8FE0DD3E36}.Release|x86.ActiveCfg = Release|Win32
		{2E7FE15F-F51F-4616-A398-AF8FE0DD3E36}.Release|x86.Build.0 = Release|Win32
		{0658A645-46B2-40AD-B79D-1ED9B840BCA3}.Debug|x64.ActiveCfg = Debug|x64
		{0658A645-46B2-40AD-B79D-1ED9B840BCA3}.Debug|x64.Build.0 = Debug|x64
		{0658A645-46B2-40AD-B79D-1ED9B840BCA3}.Debug|x86.ActiveCfg = Debug|Win32
		{0658A645-46B2-40AD-B79D-1ED9B840BCA3}.Debug|x86.Build.0 = Debug|Win32
		{0658A645-46B2-40AD-B79D-1ED9B840BCA3}.Release|x64.ActiveCfg = Release|x64
		{0658A645-46B2-40AD-B79D-1ED9B840BCA3}.Release|x64.Build.0 = Release|x64
		{0658A645-46B2-40AD-B79D-1ED9B840BCA3}.Release|x86.ActiveCfg = Release|Win32
		{0658A645-46B2-40AD-B79D-1ED9B840BCA3}.Release|x86.Build.0 = Release|Win32
		{1F18EC81-8929-47D7-8CB5-3323A2C8FBB9}.Debug|x64.ActiveCfg = Debug|x64
		{1F18EC81-8929-47D7-8CB5-3323A2C8FBB9}.Debug|x64.Build.0 = Debug|x64
		{1F18EC81-8929-47D7-8CB5-3323A2C8FBB9}.Debug|x86.ActiveCfg = Debug|Win32
		{1F18EC81-8929-47D7-8CB5-3323A2C8FBB9}.Debug|x86.Build.0 = Debug|Win32
		{1F18EC81-8929-47D7-8CB5-3323A2C8FBB9}.Release|x64.ActiveCfg = Release|x64
		{1F18EC81-8929-47D7-8CB5-3323A2C8FBB9}.Release|x64.Build.0 = Release|x64
		{1F18EC81-8929-47D7-8CB5-3323A2C8FBB9}.Release|x86.ActiveCfg = Release|Win32
		{1F18EC81-8929-47D7-8CB5-3323A2C8FBB9}.Release|x86.Build.0 = Release|Win32
		{FEF741E4-35A3-4259-818C-D79BAD031222}.Debug|x64.ActiveCfg = Debug|x64
		{FEF741E4-35A3-4259-818C-D79BAD031222}.Debug|x64.Build.0 = Debug|x64
		{FEF741E4-35A3-4259-818C-D79BAD031222}.Debug|x86.ActiveCfg = Debug|Win32
		{FEF741E4-35A3-4259-818C-D79BAD031222}.Debug|x86.Build.0 = Debug|Win32
		{FEF741E4-35A3-4259-818C-D79BAD031222}.Release|x64.ActiveCfg = Release|x64
		{FEF741E4-35A3-4259-818C-D79BAD031222}.Release|x64.Build.0 = Release|x64
		{FEF741E4-35A3-4259-818C-D79BAD031222}.Release|x86.ActiveCfg = Release|Win32
		{FEF741E4-35A3-4259-818C-D79BAD031222}.Release|x86.Build.0 = Release|Win32
		{4253B649-9978-413B-BCE9-8188F54D7ECE}.Debug|x64.ActiveCfg = Debug|x64
		{4253B649-9978-413B-BCE9-8188F54D7ECE}.Debug|x64.Build.0 = Debug|x64
		{4253B649-9978-413B-BCE9-8188F54D7ECE}.Debug|x86.ActiveCfg = Debug|Win32
		{4253B649-9978-413B-BCE9-8188F54D7ECE}.Debug|x86.Build.0 = Debug|Win32
		{4253B649-9978-413B-BCE9-8188F54D7ECE}.Release|x64.ActiveCfg = Release|x64
		{4253B649-9978-413B-BCE9-8188F54D7ECE}.Release|x64.Build.0 = Release|x64
		{4253B649-9978-413B-BCE9-8188F54D7ECE}.Release|x86.ActiveCfg = Release|Win32
		{4253B649-9978-413B-BCE9-8188F54D7ECE}.Release|x86.Build.0 = Release|Win32
		{1F83E7F1-C86A-4DE3-A194-BF1E4EB40387}.Debug|x64.ActiveCfg = Debug|x64
		{1F83E7F1-C86A-4DE3-A194-BF1E4EB40387}.Debug|x64.Build.0 = Debug|x64
		{1F83E7F1-C86A-4DE3-A194-BF1E4EB40387}.Debug|x86.ActiveCfg = Debug|Win32
		{1F83E7F1-C86A-4DE3-A194-BF1E4EB40387}.Debug|x86.Build.0 = Debug|Win32
		{1F83E7F1-C86A-4DE3-A194-BF1E4EB40387}.Release|x64.ActiveCfg = Release|x64
		{1F83E7F1-C86A-4DE3-A194-BF1E4EB40387}.Release|x64.Build.0 = Release|x64
		{1F83E7F1-C86A-4DE3-A194-BF1E4EB40387}.Release|x86.ActiveCfg = Release|Win32
		{1F83E7F1-C86A-4DE3-A194-BF1E4EB40387}.Release|x86.Build.0 = Release|Win32
		{DCC047CC-ACCD-42CD-B4D5-D946E04E73C9}.Debug|x64.ActiveCfg = Debug|x64
		{DCC047CC-ACCD-42CD-B4D5-D946E04E73C9}.Debug|x64.Build.0 = Debug|x64
		{DCC047CC-ACCD-42CD-B4D5-D946E04E73C9}.Debug|x86.ActiveCfg = Debug|Win32
		{DCC047CC-ACCD-42CD-B4D5-D946E04E73C9}.Debug|x86.Build.0 = Debug|Win32
		{DCC047CC-ACCD-42CD-B4D5-D946E04E73C9}.Release|x64.ActiveCfg = Release|x64
		{DCC047CC-ACCD-42CD-B4D5-D946E04E73C9}.Release|x64.Build.0 = Release|x64
		{DCC047CC-ACCD-42CD-B4D5-D946E04E73C9}.Release|x86.ActiveCfg = Release|Win32
		{DCC047CC-ACCD-42CD-B4D5-D946E04E73C9}.Release|x86.Build.0 = Release|Win32
		{6A0D5BD6-0BD8-4354-95F1-4958E4B402F9}.Debug|x64.ActiveCfg = Debug|x64
		{6A0D5BD6-0BD8-4354-95F1-4958E4B402F9}.Debug|x64.Build.0 = Debug|x64
		{6A0D5BD6-0BD8-4354-95F1-4958E4B402F9}.Debug|x86.ActiveCfg = Debug|Win32
		{6A0D5BD6-0BD8-4354-95F1-4958E4B402F9}.Debug|x86.Build.0 = Debug|Win32
		{6A0D5BD6-0BD8-4354-95F1-4958E4B402F9}.Release|x64.ActiveCfg = Release|x64
		{6A0D5BD6-0BD8-4354-95F1-4958E4B402F9}.Release|x64.Build.0 = Release|x64
		{6A0D5BD6-0BD8-4354-95F1-4958E4B402F9}.Release|x86.ActiveCfg = Release|Win32
		{6A0D5BD6-0BD8-4354-95F1-4958E4B402F9}.Release|x86.Build.0 = Release|Win32
		{53CDE921-C283-4C14-B922-9A6C4C2C4D1F}.Debug|x64.ActiveCfg = Debug|x64
		{53CDE921-C283-4C14-B922-9A6C4C2C4D1F}.Debug|x64.Build.0 = Debug|x64
		{53CDE921-C283-4C14-B922-9A6C4C2C4D1F}.Debug|x86.ActiveCfg = Debug|Win32
		{53CDE921-C283-4C14-B922-9A6C4C2C4D1F}.Debug|x86.Build.0 = Debug|Win32
		{53CDE921-C283-4C14-B922-9A6C4C2C4D1F}.Release|x64.ActiveCfg = Release|x64
		{53CDE921-C283-4C14-B922-9A6C4C2C4D1F}.Release|x64.Build.0 = Release|x64
		{53CDE921-C283-4C14-B922-9A6C4C2C4D1F}.Release|x86.ActiveCfg = Release|Win32
		{53CDE921-C283-4C14-B922-9A6C4C2C4D1F}.Release|x86.Build.0 = Release|Win32
		{1F4591F1-AD12-418C-96A7-B2D7F5016693}.Debug|x64.ActiveCfg = Debug|x64
		{1F4591F1-AD12-418C-96A7-B2D7F5016693}.Debug|x64.Build.0 = Debug|x64
		{1F4591F1-AD12-418C-96A7-B2D7F5016693}.Debug|x86.ActiveCfg = Debug|Win32
		{1F4591F1-AD12-418C-96A7-B2D7F5016693}.Debug|x86.Build.0 = Debug|Win32
		{1F4591F1-AD12-418C-96A7-B2D7F5016693}.Release|x64.ActiveCfg = Release|x64
		{1F4591F1-AD12-418C-96A7-B2D7F5016693}.Release|x64.Build.0 = Release|x64
		{1F4591F1-AD12-418C-96A7-B2D7F5016693}.Release|x86.ActiveCfg = Release|Win32
		{1F4591F1-AD12-418C-96A7-B2D7F5016693}.Release|x86.Build.0 = Release|Win32
		{B43B1419-BC35-4176-AC39-F04F8342C20F}.Debug|x64.ActiveCfg = Debug|x64
		{B43B1419-BC35-4176-AC39-F04F8342C20F}.Debug|x64.Build.0 = Debug|x64
		{B43B1419-BC35-4176-AC39-F04F8342C20F}.Debug|x86.ActiveCfg = Debug|Win32
		{B43B1419-BC35-4176-AC39-F04F8342C20F}.Debug|x86.Build.0 = Debug|Win32
		{B43B1419-BC35-4176-AC39-F04F8342C20F}.Release|x64.ActiveCfg = Release|x64
		{B43B1419-BC35-4176-AC39-F04F8342C20F}.Release|x64.Build.0 = Release|x64
		{B43B1419-BC35-4176-AC39-F04F8342C20F}.Release|x86.ActiveCfg = Release|Win32
		{B43B1419-BC35-4176-AC39-F04F8342C20F}.Release|x86.Build.0 = Release|Win32
		{EA5FA7B8-0B07-4905-AAC5-EE53EBBB319F}.Debug|x64.ActiveCfg = Debug|x64
		{EA5FA7B8-0B07-4905-AAC5-EE53EBBB319F}.Debug|x64.Build.0 = Debug|x64
		{EA5FA7B8-0B07-4905-AAC5-EE53EBBB319F}.Debug|x86.ActiveCfg = Debug|Win32
		{EA5FA7B8-0B07-4905-AAC5-EE53EBBB319F}.Debug|x86.Build.0 = Debug|Win32
		{EA5FA7B8-0B07-4905-AAC5-EE53EBBB319F}.Release|x64.ActiveCfg = Release|x64
		{EA5FA7B8-0B07-4905-AAC5-EE53EBBB319F}.Release|x64.Build.0 = Release|x64
		{EA5FA7B8-0B07-4905-AAC5-EE53EBBB319F}.Release|x86.ActiveCfg = Release|Win32
		{EA5FA7B8-0B07-4905-AAC5-EE53EBBB319F}.Release|x86.Build.0 = Release|Win32
	EndGlobalSection
	GlobalSection(SolutionProperties) = preSolution
		HideSolutionNode = FALSE
	EndGlobalSection
	GlobalSection(ExtensibilityGlobals) = postSolution
		SolutionGuid = {86D5530B-24B5-4F70-B7FE-1E90B8C55F0C}
	EndGlobalSection
EndGlobal
